
Microsoft Visual Studio Solution File, Format Version 12.00
# Visual Studio Version 17
VisualStudioVersion = 17.3.32901.215
MinimumVisualStudioVersion = 10.0.40219.1
Project("{FAE04EC0-301F-11D3-BF4B-00C04F79EFBC}") = "hw4_5", "hw4_5\hw4_5.csproj", "{2557FC9E-82D0-46FF-A9D3-A484C5216254}"
EndProject
Global
	GlobalSection(SolutionConfigurationPlatforms) = preSolution
		Debug|Any CPU = Debug|Any CPU
		Release|Any CPU = Release|Any CPU
	EndGlobalSection
	GlobalSection(ProjectConfigurationPlatforms) = postSolution
		{2557FC9E-82D0-46FF-A9D3-A484C5216254}.Debug|Any CPU.ActiveCfg = Debug|Any CPU
		{2557FC9E-82D0-46FF-A9D3-A484C5216254}.Debug|Any CPU.Build.0 = Debug|Any CPU
		{2557FC9E-82D0-46FF-A9D3-A484C5216254}.Release|Any CPU.ActiveCfg = Release|Any CPU
		{2557FC9E-82D0-46FF-A9D3-A484C5216254}.Release|Any CPU.Build.0 = Release|Any CPU
	EndGlobalSection
	GlobalSection(SolutionProperties) = preSolution
		HideSolutionNode = FALSE
	EndGlobalSection
	GlobalSection(ExtensibilityGlobals) = postSolution
		SolutionGuid = {486328E2-1040-47BB-A4A5-88663F3F9576}
	EndGlobalSection
EndGlobal
